
Microsoft Visual Studio Solution File, Format Version 12.00
# Visual Studio Version 17
VisualStudioVersion = 17.0.32014.148
MinimumVisualStudioVersion = 10.0.40219.1
Project("{9A19103F-16F7-4668-BE54-9A1E7A4F7556}") = "WordleCloneTests", "WordleCloneTests\WordleCloneTests.csproj", "{19452705-49AE-4B35-A10B-BDABF81A35FF}"
EndProject
Project("{FAE04EC0-301F-11D3-BF4B-00C04F79EFBC}") = "WordleClone.Core", "WordleClone.Core\WordleClone.Core.csproj", "{BAD86DA5-D203-4679-A1C8-8729671EF6FE}"
EndProject
Project("{FAE04EC0-301F-11D3-BF4B-00C04F79EFBC}") = "WordleClone", "WordleClone\WordleClone.csproj", "{799FE97E-CD9C-4011-8E6D-D43DF098D2B9}"
EndProject
Global
	GlobalSection(SolutionConfigurationPlatforms) = preSolution
		Debug|Any CPU = Debug|Any CPU
		Release|Any CPU = Release|Any CPU
	EndGlobalSection
	GlobalSection(ProjectConfigurationPlatforms) = postSolution
		{19452705-49AE-4B35-A10B-BDABF81A35FF}.Debug|Any CPU.ActiveCfg = Debug|Any CPU
		{19452705-49AE-4B35-A10B-BDABF81A35FF}.Debug|Any CPU.Build.0 = Debug|Any CPU
		{19452705-49AE-4B35-A10B-BDABF81A35FF}.Release|Any CPU.ActiveCfg = Release|Any CPU
		{19452705-49AE-4B35-A10B-BDABF81A35FF}.Release|Any CPU.Build.0 = Release|Any CPU
		{BAD86DA5-D203-4679-A1C8-8729671EF6FE}.Debug|Any CPU.ActiveCfg = Debug|Any CPU
		{BAD86DA5-D203-4679-A1C8-8729671EF6FE}.Debug|Any CPU.Build.0 = Debug|Any CPU
		{BAD86DA5-D203-4679-A1C8-8729671EF6FE}.Release|Any CPU.ActiveCfg = Release|Any CPU
		{BAD86DA5-D203-4679-A1C8-8729671EF6FE}.Release|Any CPU.Build.0 = Release|Any CPU
		{799FE97E-CD9C-4011-8E6D-D43DF098D2B9}.Debug|Any CPU.ActiveCfg = Debug|Any CPU
		{799FE97E-CD9C-4011-8E6D-D43DF098D2B9}.Debug|Any CPU.Build.0 = Debug|Any CPU
		{799FE97E-CD9C-4011-8E6D-D43DF098D2B9}.Release|Any CPU.ActiveCfg = Release|Any CPU
		{799FE97E-CD9C-4011-8E6D-D43DF098D2B9}.Release|Any CPU.Build.0 = Release|Any CPU
	EndGlobalSection
	GlobalSection(SolutionProperties) = preSolution
		HideSolutionNode = FALSE
	EndGlobalSection
	GlobalSection(ExtensibilityGlobals) = postSolution
		SolutionGuid = {7686AB2E-A832-4CBE-96F7-2403021F54EA}
	EndGlobalSection
EndGlobal
